
Microsoft Visual Studio Solution File, Format Version 12.00
# Visual Studio Version 17
VisualStudioVersion = 17.1.32319.34
MinimumVisualStudioVersion = 10.0.40219.1
Project("{FAE04EC0-301F-11D3-BF4B-00C04F79EFBC}") = "WEB_APP", "WEB_APP\WEB_APP.csproj", "{B56FFDBC-C98C-432D-959F-95DF72DD4223}"
EndProject
Global
	GlobalSection(SolutionConfigurationPlatforms) = preSolution
		Debug|Any CPU = Debug|Any CPU
		Release|Any CPU = Release|Any CPU
	EndGlobalSection
	GlobalSection(ProjectConfigurationPlatforms) = postSolution
		{B56FFDBC-C98C-432D-959F-95DF72DD4223}.Debug|Any CPU.ActiveCfg = Debug|Any CPU
		{B56FFDBC-C98C-432D-959F-95DF72DD4223}.Debug|Any CPU.Build.0 = Debug|Any CPU
		{B56FFDBC-C98C-432D-959F-95DF72DD4223}.Release|Any CPU.ActiveCfg = Release|Any CPU
		{B56FFDBC-C98C-432D-959F-95DF72DD4223}.Release|Any CPU.Build.0 = Release|Any CPU
	EndGlobalSection
	GlobalSection(SolutionProperties) = preSolution
		HideSolutionNode = FALSE
	EndGlobalSection
	GlobalSection(ExtensibilityGlobals) = postSolution
		SolutionGuid = {81B47C49-1BE2-4817-9632-DD423241DFF2}
	EndGlobalSection
EndGlobal
